
Microsoft Visual Studio Solution File, Format Version 12.00
# Visual Studio 2012
Project("{2150E333-8FDC-42A3-9474-1A3956D46DE8}") = ".nuget", ".nuget", "{5FEEE018-79D9-4A44-A235-FDC0D75ECD6B}"
	ProjectSection(SolutionItems) = preProject
		.nuget\NuGet.Config = .nuget\NuGet.Config
		.nuget\NuGet.exe = .nuget\NuGet.exe
		.nuget\NuGet.targets = .nuget\NuGet.targets
	EndProjectSection
EndProject
Project("{FAE04EC0-301F-11D3-BF4B-00C04F79EFBC}") = "DiversityService", "DiversityService\DiversityService.csproj", "{DEBEAB2D-FA96-4898-B867-A029F134F12E}"
EndProject
Project("{FAE04EC0-301F-11D3-BF4B-00C04F79EFBC}") = "DiversityPhone.UnitTest", "DiversityPhone.UnitTest\DiversityPhone.UnitTest.csproj", "{D276EB03-BEC0-4919-837E-7A41C6ECFAC0}"
EndProject
Project("{FAE04EC0-301F-11D3-BF4B-00C04F79EFBC}") = "DiversityPhone.ServiceReference", "DiversityPhone.ServiceReference\DiversityPhone.ServiceReference.csproj", "{5F67B82B-6BE3-4B02-9056-B56F84BDED51}"
	ProjectSection(ProjectDependencies) = postProject
		{83AB433D-1A19-4995-8D75-747DDBB3502A} = {83AB433D-1A19-4995-8D75-747DDBB3502A}
		{99C4E84A-8FE7-456A-BD7C-33561641F204} = {99C4E84A-8FE7-456A-BD7C-33561641F204}
	EndProjectSection
EndProject
Project("{FAE04EC0-301F-11D3-BF4B-00C04F79EFBC}") = "DiversityPhone", "DiversityPhone\DiversityPhone.csproj", "{6F554274-E7F8-420A-A8F5-6956C18A97EB}"
EndProject
Project("{FAE04EC0-301F-11D3-BF4B-00C04F79EFBC}") = "DiversityService.Service", "DiversityService.Service\DiversityService.Service.csproj", "{99C4E84A-8FE7-456A-BD7C-33561641F204}"
EndProject
Project("{FAE04EC0-301F-11D3-BF4B-00C04F79EFBC}") = "MultimediaService.Mock", "MultimediaService.Mock\MultimediaService.Mock.csproj", "{83AB433D-1A19-4995-8D75-747DDBB3502A}"
EndProject
Project("{FAE04EC0-301F-11D3-BF4B-00C04F79EFBC}") = "DiversityPhone.Test", "DiversityPhone.Test\DiversityPhone.Test.csproj", "{2C9191A7-1AE6-427C-9D97-55D579692C12}"
EndProject
Project("{FAE04EC0-301F-11D3-BF4B-00C04F79EFBC}") = "DiversityPhone.Interface", "DiversityPhone.Interface\DiversityPhone.Interface.csproj", "{1BBCA3C5-90DC-4729-B5DF-1BBE95E8BD64}"
EndProject
Project("{FAE04EC0-301F-11D3-BF4B-00C04F79EFBC}") = "DiversityPhone.Model", "DiversityPhone.Model\DiversityPhone.Model.csproj", "{F4FD53A5-06DF-4431-AA33-34AEB3CAC032}"
EndProject
Project("{2150E333-8FDC-42A3-9474-1A3956D46DE8}") = "Solution Items", "Solution Items", "{B61ADA8D-6E05-44C7-B39D-1470138F0EED}"
	ProjectSection(SolutionItems) = preProject
		..\..\..\IISExpress\config\applicationhost.config = ..\..\..\IISExpress\config\applicationhost.config
	EndProjectSection
EndProject
Project("{FAE04EC0-301F-11D3-BF4B-00C04F79EFBC}") = "DiversityService.ClientTest", "DiversityService.ClientTest\DiversityService.ClientTest.csproj", "{3B752A56-F443-4646-8BB8-B0EC159A7933}"
EndProject
Project("{FAE04EC0-301F-11D3-BF4B-00C04F79EFBC}") = "DiversityService.Test", "DiversityService.Test\DiversityService.Test.csproj", "{8DFF2E0E-ABF0-49D3-996F-7E23E87C4B0F}"
EndProject
Project("{FAE04EC0-301F-11D3-BF4B-00C04F79EFBC}") = "DiversityPhone.Resource", "DiversityPhone.Resources\DiversityPhone.Resource.csproj", "{13B955B8-3DC1-4219-9824-AEFBEA3D2844}"
EndProject
Global
	GlobalSection(TestCaseManagementSettings) = postSolution
		CategoryFile = DiversityPhone.vsmdi
	EndGlobalSection
	GlobalSection(SolutionConfigurationPlatforms) = preSolution
		Debug|Any CPU = Debug|Any CPU
		Debug|ARM = Debug|ARM
		Debug|Mixed Platforms = Debug|Mixed Platforms
		Debug|x86 = Debug|x86
		Release|Any CPU = Release|Any CPU
		Release|ARM = Release|ARM
		Release|Mixed Platforms = Release|Mixed Platforms
		Release|x86 = Release|x86
	EndGlobalSection
	GlobalSection(ProjectConfigurationPlatforms) = postSolution
		{DEBEAB2D-FA96-4898-B867-A029F134F12E}.Debug|Any CPU.ActiveCfg = Debug|Any CPU
		{DEBEAB2D-FA96-4898-B867-A029F134F12E}.Debug|Any CPU.Build.0 = Debug|Any CPU
		{DEBEAB2D-FA96-4898-B867-A029F134F12E}.Debug|ARM.ActiveCfg = Debug|Any CPU
		{DEBEAB2D-FA96-4898-B867-A029F134F12E}.Debug|Mixed Platforms.ActiveCfg = Debug|Any CPU
		{DEBEAB2D-FA96-4898-B867-A029F134F12E}.Debug|Mixed Platforms.Build.0 = Debug|Any CPU
		{DEBEAB2D-FA96-4898-B867-A029F134F12E}.Debug|x86.ActiveCfg = Debug|Any CPU
		{DEBEAB2D-FA96-4898-B867-A029F134F12E}.Release|Any CPU.ActiveCfg = Release|Any CPU
		{DEBEAB2D-FA96-4898-B867-A029F134F12E}.Release|Any CPU.Build.0 = Release|Any CPU
		{DEBEAB2D-FA96-4898-B867-A029F134F12E}.Release|ARM.ActiveCfg = Release|Any CPU
		{DEBEAB2D-FA96-4898-B867-A029F134F12E}.Release|Mixed Platforms.ActiveCfg = Release|Any CPU
		{DEBEAB2D-FA96-4898-B867-A029F134F12E}.Release|Mixed Platforms.Build.0 = Release|Any CPU
		{DEBEAB2D-FA96-4898-B867-A029F134F12E}.Release|x86.ActiveCfg = Release|Any CPU
		{D276EB03-BEC0-4919-837E-7A41C6ECFAC0}.Debug|Any CPU.ActiveCfg = Debug|Any CPU
		{D276EB03-BEC0-4919-837E-7A41C6ECFAC0}.Debug|Any CPU.Build.0 = Debug|Any CPU
		{D276EB03-BEC0-4919-837E-7A41C6ECFAC0}.Debug|Any CPU.Deploy.0 = Debug|Any CPU
		{D276EB03-BEC0-4919-837E-7A41C6ECFAC0}.Debug|ARM.ActiveCfg = Debug|Any CPU
		{D276EB03-BEC0-4919-837E-7A41C6ECFAC0}.Debug|Mixed Platforms.ActiveCfg = Debug|Any CPU
		{D276EB03-BEC0-4919-837E-7A41C6ECFAC0}.Debug|Mixed Platforms.Build.0 = Debug|Any CPU
		{D276EB03-BEC0-4919-837E-7A41C6ECFAC0}.Debug|Mixed Platforms.Deploy.0 = Debug|Any CPU
		{D276EB03-BEC0-4919-837E-7A41C6ECFAC0}.Debug|x86.ActiveCfg = Debug|Any CPU
		{D276EB03-BEC0-4919-837E-7A41C6ECFAC0}.Release|Any CPU.ActiveCfg = Release|Any CPU
		{D276EB03-BEC0-4919-837E-7A41C6ECFAC0}.Release|Any CPU.Build.0 = Release|Any CPU
		{D276EB03-BEC0-4919-837E-7A41C6ECFAC0}.Release|Any CPU.Deploy.0 = Release|Any CPU
		{D276EB03-BEC0-4919-837E-7A41C6ECFAC0}.Release|ARM.ActiveCfg = Release|Any CPU
		{D276EB03-BEC0-4919-837E-7A41C6ECFAC0}.Release|Mixed Platforms.ActiveCfg = Release|Any CPU
		{D276EB03-BEC0-4919-837E-7A41C6ECFAC0}.Release|Mixed Platforms.Build.0 = Release|Any CPU
		{D276EB03-BEC0-4919-837E-7A41C6ECFAC0}.Release|Mixed Platforms.Deploy.0 = Release|Any CPU
		{D276EB03-BEC0-4919-837E-7A41C6ECFAC0}.Release|x86.ActiveCfg = Release|Any CPU
		{5F67B82B-6BE3-4B02-9056-B56F84BDED51}.Debug|Any CPU.ActiveCfg = Debug|Any CPU
		{5F67B82B-6BE3-4B02-9056-B56F84BDED51}.Debug|Any CPU.Build.0 = Debug|Any CPU
		{5F67B82B-6BE3-4B02-9056-B56F84BDED51}.Debug|ARM.ActiveCfg = Debug|Any CPU
		{5F67B82B-6BE3-4B02-9056-B56F84BDED51}.Debug|Mixed Platforms.ActiveCfg = Debug|Any CPU
		{5F67B82B-6BE3-4B02-9056-B56F84BDED51}.Debug|Mixed Platforms.Build.0 = Debug|Any CPU
		{5F67B82B-6BE3-4B02-9056-B56F84BDED51}.Debug|x86.ActiveCfg = Debug|Any CPU
		{5F67B82B-6BE3-4B02-9056-B56F84BDED51}.Release|Any CPU.ActiveCfg = Release|Any CPU
		{5F67B82B-6BE3-4B02-9056-B56F84BDED51}.Release|Any CPU.Build.0 = Release|Any CPU
		{5F67B82B-6BE3-4B02-9056-B56F84BDED51}.Release|ARM.ActiveCfg = Release|Any CPU
		{5F67B82B-6BE3-4B02-9056-B56F84BDED51}.Release|Mixed Platforms.ActiveCfg = Release|Any CPU
		{5F67B82B-6BE3-4B02-9056-B56F84BDED51}.Release|Mixed Platforms.Build.0 = Release|Any CPU
		{5F67B82B-6BE3-4B02-9056-B56F84BDED51}.Release|x86.ActiveCfg = Release|Any CPU
		{6F554274-E7F8-420A-A8F5-6956C18A97EB}.Debug|Any CPU.ActiveCfg = Debug|Any CPU
		{6F554274-E7F8-420A-A8F5-6956C18A97EB}.Debug|Any CPU.Build.0 = Debug|Any CPU
		{6F554274-E7F8-420A-A8F5-6956C18A97EB}.Debug|Any CPU.Deploy.0 = Debug|Any CPU
		{6F554274-E7F8-420A-A8F5-6956C18A97EB}.Debug|ARM.ActiveCfg = Debug|Any CPU
		{6F554274-E7F8-420A-A8F5-6956C18A97EB}.Debug|Mixed Platforms.ActiveCfg = Debug|Any CPU
		{6F554274-E7F8-420A-A8F5-6956C18A97EB}.Debug|Mixed Platforms.Build.0 = Debug|Any CPU
		{6F554274-E7F8-420A-A8F5-6956C18A97EB}.Debug|Mixed Platforms.Deploy.0 = Debug|Any CPU
		{6F554274-E7F8-420A-A8F5-6956C18A97EB}.Debug|x86.ActiveCfg = Debug|Any CPU
		{6F554274-E7F8-420A-A8F5-6956C18A97EB}.Release|Any CPU.ActiveCfg = Release|Any CPU
		{6F554274-E7F8-420A-A8F5-6956C18A97EB}.Release|Any CPU.Build.0 = Release|Any CPU
		{6F554274-E7F8-420A-A8F5-6956C18A97EB}.Release|Any CPU.Deploy.0 = Release|Any CPU
		{6F554274-E7F8-420A-A8F5-6956C18A97EB}.Release|ARM.ActiveCfg = Release|Any CPU
		{6F554274-E7F8-420A-A8F5-6956C18A97EB}.Release|Mixed Platforms.ActiveCfg = Release|Any CPU
		{6F554274-E7F8-420A-A8F5-6956C18A97EB}.Release|Mixed Platforms.Build.0 = Release|Any CPU
		{6F554274-E7F8-420A-A8F5-6956C18A97EB}.Release|Mixed Platforms.Deploy.0 = Release|Any CPU
		{6F554274-E7F8-420A-A8F5-6956C18A97EB}.Release|x86.ActiveCfg = Release|Any CPU
		{99C4E84A-8FE7-456A-BD7C-33561641F204}.Debug|Any CPU.ActiveCfg = Debug|Any CPU
		{99C4E84A-8FE7-456A-BD7C-33561641F204}.Debug|Any CPU.Build.0 = Debug|Any CPU
		{99C4E84A-8FE7-456A-BD7C-33561641F204}.Debug|ARM.ActiveCfg = Debug|Any CPU
		{99C4E84A-8FE7-456A-BD7C-33561641F204}.Debug|Mixed Platforms.ActiveCfg = Debug|Any CPU
		{99C4E84A-8FE7-456A-BD7C-33561641F204}.Debug|Mixed Platforms.Build.0 = Debug|Any CPU
		{99C4E84A-8FE7-456A-BD7C-33561641F204}.Debug|x86.ActiveCfg = Debug|Any CPU
		{99C4E84A-8FE7-456A-BD7C-33561641F204}.Release|Any CPU.ActiveCfg = Release|Any CPU
		{99C4E84A-8FE7-456A-BD7C-33561641F204}.Release|Any CPU.Build.0 = Release|Any CPU
		{99C4E84A-8FE7-456A-BD7C-33561641F204}.Release|ARM.ActiveCfg = Release|Any CPU
		{99C4E84A-8FE7-456A-BD7C-33561641F204}.Release|Mixed Platforms.ActiveCfg = Release|Any CPU
		{99C4E84A-8FE7-456A-BD7C-33561641F204}.Release|Mixed Platforms.Build.0 = Release|Any CPU
		{99C4E84A-8FE7-456A-BD7C-33561641F204}.Release|x86.ActiveCfg = Release|Any CPU
		{83AB433D-1A19-4995-8D75-747DDBB3502A}.Debug|Any CPU.ActiveCfg = Debug|Any CPU
		{83AB433D-1A19-4995-8D75-747DDBB3502A}.Debug|Any CPU.Build.0 = Debug|Any CPU
		{83AB433D-1A19-4995-8D75-747DDBB3502A}.Debug|ARM.ActiveCfg = Debug|Any CPU
		{83AB433D-1A19-4995-8D75-747DDBB3502A}.Debug|Mixed Platforms.ActiveCfg = Debug|Any CPU
		{83AB433D-1A19-4995-8D75-747DDBB3502A}.Debug|Mixed Platforms.Build.0 = Debug|Any CPU
		{83AB433D-1A19-4995-8D75-747DDBB3502A}.Debug|x86.ActiveCfg = Debug|Any CPU
		{83AB433D-1A19-4995-8D75-747DDBB3502A}.Release|Any CPU.ActiveCfg = Release|Any CPU
		{83AB433D-1A19-4995-8D75-747DDBB3502A}.Release|Any CPU.Build.0 = Release|Any CPU
		{83AB433D-1A19-4995-8D75-747DDBB3502A}.Release|ARM.ActiveCfg = Release|Any CPU
		{83AB433D-1A19-4995-8D75-747DDBB3502A}.Release|Mixed Platforms.ActiveCfg = Release|Any CPU
		{83AB433D-1A19-4995-8D75-747DDBB3502A}.Release|Mixed Platforms.Build.0 = Release|Any CPU
		{83AB433D-1A19-4995-8D75-747DDBB3502A}.Release|x86.ActiveCfg = Release|Any CPU
		{2C9191A7-1AE6-427C-9D97-55D579692C12}.Debug|Any CPU.ActiveCfg = Debug|Any CPU
		{2C9191A7-1AE6-427C-9D97-55D579692C12}.Debug|Any CPU.Build.0 = Debug|Any CPU
		{2C9191A7-1AE6-427C-9D97-55D579692C12}.Debug|ARM.ActiveCfg = Debug|Any CPU
		{2C9191A7-1AE6-427C-9D97-55D579692C12}.Debug|Mixed Platforms.ActiveCfg = Debug|Any CPU
		{2C9191A7-1AE6-427C-9D97-55D579692C12}.Debug|Mixed Platforms.Build.0 = Debug|Any CPU
		{2C9191A7-1AE6-427C-9D97-55D579692C12}.Debug|x86.ActiveCfg = Debug|Any CPU
		{2C9191A7-1AE6-427C-9D97-55D579692C12}.Release|Any CPU.ActiveCfg = Release|Any CPU
		{2C9191A7-1AE6-427C-9D97-55D579692C12}.Release|Any CPU.Build.0 = Release|Any CPU
		{2C9191A7-1AE6-427C-9D97-55D579692C12}.Release|ARM.ActiveCfg = Release|Any CPU
		{2C9191A7-1AE6-427C-9D97-55D579692C12}.Release|Mixed Platforms.ActiveCfg = Release|Any CPU
		{2C9191A7-1AE6-427C-9D97-55D579692C12}.Release|Mixed Platforms.Build.0 = Release|Any CPU
		{2C9191A7-1AE6-427C-9D97-55D579692C12}.Release|x86.ActiveCfg = Release|Any CPU
		{1BBCA3C5-90DC-4729-B5DF-1BBE95E8BD64}.Debug|Any CPU.ActiveCfg = Debug|Any CPU
		{1BBCA3C5-90DC-4729-B5DF-1BBE95E8BD64}.Debug|Any CPU.Build.0 = Debug|Any CPU
		{1BBCA3C5-90DC-4729-B5DF-1BBE95E8BD64}.Debug|ARM.ActiveCfg = Debug|Any CPU
		{1BBCA3C5-90DC-4729-B5DF-1BBE95E8BD64}.Debug|Mixed Platforms.ActiveCfg = Debug|Any CPU
		{1BBCA3C5-90DC-4729-B5DF-1BBE95E8BD64}.Debug|Mixed Platforms.Build.0 = Debug|Any CPU
		{1BBCA3C5-90DC-4729-B5DF-1BBE95E8BD64}.Debug|x86.ActiveCfg = Debug|Any CPU
		{1BBCA3C5-90DC-4729-B5DF-1BBE95E8BD64}.Release|Any CPU.ActiveCfg = Release|Any CPU
		{1BBCA3C5-90DC-4729-B5DF-1BBE95E8BD64}.Release|Any CPU.Build.0 = Release|Any CPU
		{1BBCA3C5-90DC-4729-B5DF-1BBE95E8BD64}.Release|ARM.ActiveCfg = Release|Any CPU
		{1BBCA3C5-90DC-4729-B5DF-1BBE95E8BD64}.Release|Mixed Platforms.ActiveCfg = Release|Any CPU
		{1BBCA3C5-90DC-4729-B5DF-1BBE95E8BD64}.Release|Mixed Platforms.Build.0 = Release|Any CPU
		{1BBCA3C5-90DC-4729-B5DF-1BBE95E8BD64}.Release|x86.ActiveCfg = Release|Any CPU
		{F4FD53A5-06DF-4431-AA33-34AEB3CAC032}.Debug|Any CPU.ActiveCfg = Debug|Any CPU
		{F4FD53A5-06DF-4431-AA33-34AEB3CAC032}.Debug|Any CPU.Build.0 = Debug|Any CPU
		{F4FD53A5-06DF-4431-AA33-34AEB3CAC032}.Debug|ARM.ActiveCfg = Debug|Any CPU
		{F4FD53A5-06DF-4431-AA33-34AEB3CAC032}.Debug|Mixed Platforms.ActiveCfg = Debug|Any CPU
		{F4FD53A5-06DF-4431-AA33-34AEB3CAC032}.Debug|Mixed Platforms.Build.0 = Debug|Any CPU
		{F4FD53A5-06DF-4431-AA33-34AEB3CAC032}.Debug|x86.ActiveCfg = Debug|Any CPU
		{F4FD53A5-06DF-4431-AA33-34AEB3CAC032}.Release|Any CPU.ActiveCfg = Release|Any CPU
		{F4FD53A5-06DF-4431-AA33-34AEB3CAC032}.Release|Any CPU.Build.0 = Release|Any CPU
		{F4FD53A5-06DF-4431-AA33-34AEB3CAC032}.Release|ARM.ActiveCfg = Release|Any CPU
		{F4FD53A5-06DF-4431-AA33-34AEB3CAC032}.Release|Mixed Platforms.ActiveCfg = Release|Any CPU
		{F4FD53A5-06DF-4431-AA33-34AEB3CAC032}.Release|Mixed Platforms.Build.0 = Release|Any CPU
		{F4FD53A5-06DF-4431-AA33-34AEB3CAC032}.Release|x86.ActiveCfg = Release|Any CPU
		{3B752A56-F443-4646-8BB8-B0EC159A7933}.Debug|Any CPU.ActiveCfg = Debug|Any CPU
		{3B752A56-F443-4646-8BB8-B0EC159A7933}.Debug|Any CPU.Build.0 = Debug|Any CPU
		{3B752A56-F443-4646-8BB8-B0EC159A7933}.Debug|ARM.ActiveCfg = Debug|Any CPU
		{3B752A56-F443-4646-8BB8-B0EC159A7933}.Debug|Mixed Platforms.ActiveCfg = Debug|Any CPU
		{3B752A56-F443-4646-8BB8-B0EC159A7933}.Debug|Mixed Platforms.Build.0 = Debug|Any CPU
		{3B752A56-F443-4646-8BB8-B0EC159A7933}.Debug|x86.ActiveCfg = Debug|Any CPU
		{3B752A56-F443-4646-8BB8-B0EC159A7933}.Release|Any CPU.ActiveCfg = Release|Any CPU
		{3B752A56-F443-4646-8BB8-B0EC159A7933}.Release|Any CPU.Build.0 = Release|Any CPU
		{3B752A56-F443-4646-8BB8-B0EC159A7933}.Release|ARM.ActiveCfg = Release|Any CPU
		{3B752A56-F443-4646-8BB8-B0EC159A7933}.Release|Mixed Platforms.ActiveCfg = Release|Any CPU
		{3B752A56-F443-4646-8BB8-B0EC159A7933}.Release|Mixed Platforms.Build.0 = Release|Any CPU
		{3B752A56-F443-4646-8BB8-B0EC159A7933}.Release|x86.ActiveCfg = Release|Any CPU
		{8DFF2E0E-ABF0-49D3-996F-7E23E87C4B0F}.Debug|Any CPU.ActiveCfg = Debug|Any CPU
		{8DFF2E0E-ABF0-49D3-996F-7E23E87C4B0F}.Debug|Any CPU.Build.0 = Debug|Any CPU
		{8DFF2E0E-ABF0-49D3-996F-7E23E87C4B0F}.Debug|ARM.ActiveCfg = Debug|Any CPU
		{8DFF2E0E-ABF0-49D3-996F-7E23E87C4B0F}.Debug|Mixed Platforms.ActiveCfg = Debug|Any CPU
		{8DFF2E0E-ABF0-49D3-996F-7E23E87C4B0F}.Debug|Mixed Platforms.Build.0 = Debug|Any CPU
		{8DFF2E0E-ABF0-49D3-996F-7E23E87C4B0F}.Debug|x86.ActiveCfg = Debug|Any CPU
		{8DFF2E0E-ABF0-49D3-996F-7E23E87C4B0F}.Release|Any CPU.ActiveCfg = Release|Any CPU
		{8DFF2E0E-ABF0-49D3-996F-7E23E87C4B0F}.Release|Any CPU.Build.0 = Release|Any CPU
		{8DFF2E0E-ABF0-49D3-996F-7E23E87C4B0F}.Release|ARM.ActiveCfg = Release|Any CPU
		{8DFF2E0E-ABF0-49D3-996F-7E23E87C4B0F}.Release|Mixed Platforms.ActiveCfg = Release|Any CPU
		{8DFF2E0E-ABF0-49D3-996F-7E23E87C4B0F}.Release|Mixed Platforms.Build.0 = Release|Any CPU
		{8DFF2E0E-ABF0-49D3-996F-7E23E87C4B0F}.Release|x86.ActiveCfg = Release|Any CPU
		{13B955B8-3DC1-4219-9824-AEFBEA3D2844}.Debug|Any CPU.ActiveCfg = Debug|Any CPU
		{13B955B8-3DC1-4219-9824-AEFBEA3D2844}.Debug|Any CPU.Build.0 = Debug|Any CPU
		{13B955B8-3DC1-4219-9824-AEFBEA3D2844}.Debug|ARM.ActiveCfg = Debug|Any CPU
		{13B955B8-3DC1-4219-9824-AEFBEA3D2844}.Debug|Mixed Platforms.ActiveCfg = Debug|Any CPU
		{13B955B8-3DC1-4219-9824-AEFBEA3D2844}.Debug|Mixed Platforms.Build.0 = Debug|Any CPU
		{13B955B8-3DC1-4219-9824-AEFBEA3D2844}.Debug|x86.ActiveCfg = Debug|Any CPU
		{13B955B8-3DC1-4219-9824-AEFBEA3D2844}.Release|Any CPU.ActiveCfg = Release|Any CPU
		{13B955B8-3DC1-4219-9824-AEFBEA3D2844}.Release|Any CPU.Build.0 = Release|Any CPU
		{13B955B8-3DC1-4219-9824-AEFBEA3D2844}.Release|ARM.ActiveCfg = Release|Any CPU
		{13B955B8-3DC1-4219-9824-AEFBEA3D2844}.Release|Mixed Platforms.ActiveCfg = Release|Any CPU
		{13B955B8-3DC1-4219-9824-AEFBEA3D2844}.Release|Mixed Platforms.Build.0 = Release|Any CPU
		{13B955B8-3DC1-4219-9824-AEFBEA3D2844}.Release|x86.ActiveCfg = Release|Any CPU
	EndGlobalSection
	GlobalSection(SolutionProperties) = preSolution
		HideSolutionNode = FALSE
	EndGlobalSection
EndGlobal
