
Microsoft Visual Studio Solution File, Format Version 11.00
# Visual Studio 2010
Project("{FAE04EC0-301F-11D3-BF4B-00C04F79EFBC}") = "PhoneDiversity.Test", "PhoneDiversity.Test\PhoneDiversity.Test.csproj", "{78968491-F421-49BB-A07C-1051ACF0484E}"
EndProject
Project("{FAE04EC0-301F-11D3-BF4B-00C04F79EFBC}") = "PhoneDiversity", "PhoneDiversity\PhoneDiversity.csproj", "{78F27F6E-AFC9-4F41-BB3A-C501516E136B}"
EndProject
Project("{FAE04EC0-301F-11D3-BF4B-00C04F79EFBC}") = "PrototypeUI", "PrototypeUI\PrototypeUI.csproj", "{9528e013-9bb8-45c9-88db-02fdafae44e7}"
EndProject
Project("{FAE04EC0-301F-11D3-BF4B-00C04F79EFBC}") = "PrototypeUIScreens", "PrototypeUI\PrototypeUIScreens\PrototypeUIScreens.csproj", "{b85705ee-4b28-4435-b615-aecf39040d98}"
EndProject
Global
	GlobalSection(SolutionConfigurationPlatforms) = preSolution
		Debug|Any CPU = Debug|Any CPU
		Debug|Mixed Platforms = Debug|Mixed Platforms
		Debug|x86 = Debug|x86
		Release|Any CPU = Release|Any CPU
		Release|Mixed Platforms = Release|Mixed Platforms
		Release|x86 = Release|x86
	EndGlobalSection
	GlobalSection(ProjectConfigurationPlatforms) = postSolution
		{78968491-F421-49BB-A07C-1051ACF0484E}.Debug|Any CPU.ActiveCfg = Debug|Any CPU
		{78968491-F421-49BB-A07C-1051ACF0484E}.Debug|Any CPU.Build.0 = Debug|Any CPU
		{78968491-F421-49BB-A07C-1051ACF0484E}.Debug|Mixed Platforms.ActiveCfg = Debug|Any CPU
		{78968491-F421-49BB-A07C-1051ACF0484E}.Debug|Mixed Platforms.Build.0 = Debug|Any CPU
		{78968491-F421-49BB-A07C-1051ACF0484E}.Debug|x86.ActiveCfg = Debug|Any CPU
		{78968491-F421-49BB-A07C-1051ACF0484E}.Release|Any CPU.ActiveCfg = Release|Any CPU
		{78968491-F421-49BB-A07C-1051ACF0484E}.Release|Any CPU.Build.0 = Release|Any CPU
		{78968491-F421-49BB-A07C-1051ACF0484E}.Release|Mixed Platforms.ActiveCfg = Release|Any CPU
		{78968491-F421-49BB-A07C-1051ACF0484E}.Release|Mixed Platforms.Build.0 = Release|Any CPU
		{78968491-F421-49BB-A07C-1051ACF0484E}.Release|x86.ActiveCfg = Release|Any CPU
		{78F27F6E-AFC9-4F41-BB3A-C501516E136B}.Debug|Any CPU.ActiveCfg = Debug|Any CPU
		{78F27F6E-AFC9-4F41-BB3A-C501516E136B}.Debug|Any CPU.Build.0 = Debug|Any CPU
		{78F27F6E-AFC9-4F41-BB3A-C501516E136B}.Debug|Any CPU.Deploy.0 = Debug|Any CPU
		{78F27F6E-AFC9-4F41-BB3A-C501516E136B}.Debug|Mixed Platforms.ActiveCfg = Debug|Any CPU
		{78F27F6E-AFC9-4F41-BB3A-C501516E136B}.Debug|Mixed Platforms.Build.0 = Debug|Any CPU
		{78F27F6E-AFC9-4F41-BB3A-C501516E136B}.Debug|Mixed Platforms.Deploy.0 = Debug|Any CPU
		{78F27F6E-AFC9-4F41-BB3A-C501516E136B}.Debug|x86.ActiveCfg = Debug|Any CPU
		{78F27F6E-AFC9-4F41-BB3A-C501516E136B}.Release|Any CPU.ActiveCfg = Release|Any CPU
		{78F27F6E-AFC9-4F41-BB3A-C501516E136B}.Release|Any CPU.Build.0 = Release|Any CPU
		{78F27F6E-AFC9-4F41-BB3A-C501516E136B}.Release|Any CPU.Deploy.0 = Release|Any CPU
		{78F27F6E-AFC9-4F41-BB3A-C501516E136B}.Release|Mixed Platforms.ActiveCfg = Release|Any CPU
		{78F27F6E-AFC9-4F41-BB3A-C501516E136B}.Release|Mixed Platforms.Build.0 = Release|Any CPU
		{78F27F6E-AFC9-4F41-BB3A-C501516E136B}.Release|Mixed Platforms.Deploy.0 = Release|Any CPU
		{78F27F6E-AFC9-4F41-BB3A-C501516E136B}.Release|x86.ActiveCfg = Release|Any CPU
		{9528E013-9BB8-45C9-88DB-02FDAFAE44E7}.Debug|Any CPU.ActiveCfg = Debug|Any CPU
		{9528E013-9BB8-45C9-88DB-02FDAFAE44E7}.Debug|Any CPU.Build.0 = Debug|Any CPU
		{9528E013-9BB8-45C9-88DB-02FDAFAE44E7}.Debug|Mixed Platforms.ActiveCfg = Debug|Any CPU
		{9528E013-9BB8-45C9-88DB-02FDAFAE44E7}.Debug|Mixed Platforms.Build.0 = Debug|Any CPU
		{9528E013-9BB8-45C9-88DB-02FDAFAE44E7}.Debug|x86.ActiveCfg = Debug|x86
		{9528E013-9BB8-45C9-88DB-02FDAFAE44E7}.Debug|x86.Build.0 = Debug|x86
		{9528E013-9BB8-45C9-88DB-02FDAFAE44E7}.Release|Any CPU.ActiveCfg = Release|Any CPU
		{9528E013-9BB8-45C9-88DB-02FDAFAE44E7}.Release|Any CPU.Build.0 = Release|Any CPU
		{9528E013-9BB8-45C9-88DB-02FDAFAE44E7}.Release|Mixed Platforms.ActiveCfg = Release|Any CPU
		{9528E013-9BB8-45C9-88DB-02FDAFAE44E7}.Release|Mixed Platforms.Build.0 = Release|Any CPU
		{9528E013-9BB8-45C9-88DB-02FDAFAE44E7}.Release|x86.ActiveCfg = Release|x86
		{9528E013-9BB8-45C9-88DB-02FDAFAE44E7}.Release|x86.Build.0 = Release|x86
		{B85705EE-4B28-4435-B615-AECF39040D98}.Debug|Any CPU.ActiveCfg = Debug|Any CPU
		{B85705EE-4B28-4435-B615-AECF39040D98}.Debug|Any CPU.Build.0 = Debug|Any CPU
		{B85705EE-4B28-4435-B615-AECF39040D98}.Debug|Mixed Platforms.ActiveCfg = Debug|Any CPU
		{B85705EE-4B28-4435-B615-AECF39040D98}.Debug|Mixed Platforms.Build.0 = Debug|Any CPU
		{B85705EE-4B28-4435-B615-AECF39040D98}.Debug|x86.ActiveCfg = Debug|x86
		{B85705EE-4B28-4435-B615-AECF39040D98}.Debug|x86.Build.0 = Debug|x86
		{B85705EE-4B28-4435-B615-AECF39040D98}.Release|Any CPU.ActiveCfg = Release|Any CPU
		{B85705EE-4B28-4435-B615-AECF39040D98}.Release|Any CPU.Build.0 = Release|Any CPU
		{B85705EE-4B28-4435-B615-AECF39040D98}.Release|Mixed Platforms.ActiveCfg = Release|Any CPU
		{B85705EE-4B28-4435-B615-AECF39040D98}.Release|Mixed Platforms.Build.0 = Release|Any CPU
		{B85705EE-4B28-4435-B615-AECF39040D98}.Release|x86.ActiveCfg = Release|x86
		{B85705EE-4B28-4435-B615-AECF39040D98}.Release|x86.Build.0 = Release|x86
	EndGlobalSection
	GlobalSection(SolutionProperties) = preSolution
		HideSolutionNode = FALSE
	EndGlobalSection
EndGlobal
