
Microsoft Visual Studio Solution File, Format Version 11.00
# Visual Studio 2010
Project("{FAE04EC0-301F-11D3-BF4B-00C04F79EFBC}") = "SterlingToLINQ", "SterlingToLINQ\SterlingToLINQ.csproj", "{78F27F6E-AFC9-4F41-BB3A-C501516E136B}"
EndProject
Project("{FAE04EC0-301F-11D3-BF4B-00C04F79EFBC}") = "TestClient", "TestClient\TestClient.csproj", "{606452E0-4674-4FE0-AA45-01AC1D8FBA89}"
EndProject
Project("{FAE04EC0-301F-11D3-BF4B-00C04F79EFBC}") = "WPTestClient", "WPTestClient\WPTestClient.csproj", "{5B746B59-B954-41EF-81B0-79BCF89F51F1}"
EndProject
Global
	GlobalSection(SolutionConfigurationPlatforms) = preSolution
		Debug|Any CPU = Debug|Any CPU
		Debug|Mixed Platforms = Debug|Mixed Platforms
		Debug|x86 = Debug|x86
		Release|Any CPU = Release|Any CPU
		Release|Mixed Platforms = Release|Mixed Platforms
		Release|x86 = Release|x86
	EndGlobalSection
	GlobalSection(ProjectConfigurationPlatforms) = postSolution
		{78F27F6E-AFC9-4F41-BB3A-C501516E136B}.Debug|Any CPU.ActiveCfg = Debug|Any CPU
		{78F27F6E-AFC9-4F41-BB3A-C501516E136B}.Debug|Any CPU.Build.0 = Debug|Any CPU
		{78F27F6E-AFC9-4F41-BB3A-C501516E136B}.Debug|Any CPU.Deploy.0 = Debug|Any CPU
		{78F27F6E-AFC9-4F41-BB3A-C501516E136B}.Debug|Mixed Platforms.ActiveCfg = Debug|Any CPU
		{78F27F6E-AFC9-4F41-BB3A-C501516E136B}.Debug|Mixed Platforms.Build.0 = Debug|Any CPU
		{78F27F6E-AFC9-4F41-BB3A-C501516E136B}.Debug|Mixed Platforms.Deploy.0 = Debug|Any CPU
		{78F27F6E-AFC9-4F41-BB3A-C501516E136B}.Debug|x86.ActiveCfg = Debug|Any CPU
		{78F27F6E-AFC9-4F41-BB3A-C501516E136B}.Release|Any CPU.ActiveCfg = Release|Any CPU
		{78F27F6E-AFC9-4F41-BB3A-C501516E136B}.Release|Any CPU.Build.0 = Release|Any CPU
		{78F27F6E-AFC9-4F41-BB3A-C501516E136B}.Release|Any CPU.Deploy.0 = Release|Any CPU
		{78F27F6E-AFC9-4F41-BB3A-C501516E136B}.Release|Mixed Platforms.ActiveCfg = Release|Any CPU
		{78F27F6E-AFC9-4F41-BB3A-C501516E136B}.Release|Mixed Platforms.Build.0 = Release|Any CPU
		{78F27F6E-AFC9-4F41-BB3A-C501516E136B}.Release|Mixed Platforms.Deploy.0 = Release|Any CPU
		{78F27F6E-AFC9-4F41-BB3A-C501516E136B}.Release|x86.ActiveCfg = Release|Any CPU
		{606452E0-4674-4FE0-AA45-01AC1D8FBA89}.Debug|Any CPU.ActiveCfg = Debug|x86
		{606452E0-4674-4FE0-AA45-01AC1D8FBA89}.Debug|Mixed Platforms.ActiveCfg = Debug|x86
		{606452E0-4674-4FE0-AA45-01AC1D8FBA89}.Debug|x86.ActiveCfg = Debug|x86
		{606452E0-4674-4FE0-AA45-01AC1D8FBA89}.Debug|x86.Build.0 = Debug|x86
		{606452E0-4674-4FE0-AA45-01AC1D8FBA89}.Release|Any CPU.ActiveCfg = Release|x86
		{606452E0-4674-4FE0-AA45-01AC1D8FBA89}.Release|Mixed Platforms.ActiveCfg = Release|x86
		{606452E0-4674-4FE0-AA45-01AC1D8FBA89}.Release|Mixed Platforms.Build.0 = Release|x86
		{606452E0-4674-4FE0-AA45-01AC1D8FBA89}.Release|x86.ActiveCfg = Release|x86
		{606452E0-4674-4FE0-AA45-01AC1D8FBA89}.Release|x86.Build.0 = Release|x86
		{5B746B59-B954-41EF-81B0-79BCF89F51F1}.Debug|Any CPU.ActiveCfg = Debug|Any CPU
		{5B746B59-B954-41EF-81B0-79BCF89F51F1}.Debug|Any CPU.Build.0 = Debug|Any CPU
		{5B746B59-B954-41EF-81B0-79BCF89F51F1}.Debug|Any CPU.Deploy.0 = Debug|Any CPU
		{5B746B59-B954-41EF-81B0-79BCF89F51F1}.Debug|Mixed Platforms.ActiveCfg = Debug|Any CPU
		{5B746B59-B954-41EF-81B0-79BCF89F51F1}.Debug|x86.ActiveCfg = Debug|Any CPU
		{5B746B59-B954-41EF-81B0-79BCF89F51F1}.Release|Any CPU.ActiveCfg = Release|Any CPU
		{5B746B59-B954-41EF-81B0-79BCF89F51F1}.Release|Any CPU.Build.0 = Release|Any CPU
		{5B746B59-B954-41EF-81B0-79BCF89F51F1}.Release|Any CPU.Deploy.0 = Release|Any CPU
		{5B746B59-B954-41EF-81B0-79BCF89F51F1}.Release|Mixed Platforms.ActiveCfg = Release|Any CPU
		{5B746B59-B954-41EF-81B0-79BCF89F51F1}.Release|Mixed Platforms.Build.0 = Release|Any CPU
		{5B746B59-B954-41EF-81B0-79BCF89F51F1}.Release|Mixed Platforms.Deploy.0 = Release|Any CPU
		{5B746B59-B954-41EF-81B0-79BCF89F51F1}.Release|x86.ActiveCfg = Release|Any CPU
	EndGlobalSection
	GlobalSection(SolutionProperties) = preSolution
		HideSolutionNode = FALSE
	EndGlobalSection
EndGlobal
